github.com/relax-space/go-a8/v2 v2.0.0 h1:CeH8rZYX6nN8bbdLeBG/ykE+RuGsN3CmIenHTf+776k=
github.com/relax-space/go-a8/v2 v2.0.0/go.mod h1:6+wmebIm+pi92NphLQ1qkqc8fOEFfaYTuMLQY489rVM=
github.com/relax-space/go-a8/v2 v2.0.2 h1:/CWq17S+4EoYTMwRVcrdzBhGMGIRtj1oNOg8iC2rJDY=
github.com/relax-space/go-a8/v2 v2.0.2/go.mod h1:6+wmebIm+pi92NphLQ1qkqc8fOEFfaYTuMLQY489rVM=
