github.com/relax-space/go-a10 v1.0.0 h1:qub5BX3SXWxKf7edd/ydDrVgNzi5zdTf16k22s7f9fg=
github.com/relax-space/go-a10 v1.0.0/go.mod h1:bcUFicTUVI2vvO7tk881fdYUrbGJE0/v9Ett4vu5UPA=
github.com/relax-space/go-b10 v1.0.1 h1:bGqP8/WmkWnfNzoOht74sQrGeUxHG4X7AQeRdA+xo4Q=
github.com/relax-space/go-b10 v1.0.1/go.mod h1:jKxDAcEfm034Q0d2igdeK46rRHUTuJfJtQWGPr7o8/4=
