github.com/relax-space/go-a8 v1.0.0 h1:TjcomkTHmdnl8DrmX3ziiBnXv8jYBeBeKjKOAxXCgc8=
github.com/relax-space/go-a8 v1.0.0/go.mod h1:hVOWMxFr0sODyrwdScnt7IdlvqNPJF61MYLxAgHB5jQ=
github.com/relax-space/go-a8 v1.0.1 h1:sejxZTfecgbRMjT3MJ/YPTtNvoX339i/XZCzvnkZWt0=
github.com/relax-space/go-a8 v1.0.1/go.mod h1:hVOWMxFr0sODyrwdScnt7IdlvqNPJF61MYLxAgHB5jQ=
github.com/relax-space/go-a8 v1.1.1 h1:keyu4HyeU/TTs/QdMJW++xGkNerVqkVBAI4TQdtD9g8=
github.com/relax-space/go-a8 v1.1.1/go.mod h1:hVOWMxFr0sODyrwdScnt7IdlvqNPJF61MYLxAgHB5jQ=
