github.com/relax-space/go-a13/m1 v1.0.3 h1:OQwGJCptoBHBQvCiMB7BBOp7uLCQsHrrub/jpPTE70k=
github.com/relax-space/go-a13/m1 v1.0.3/go.mod h1:w0s0zf2D4zlIcJua7i6+AyfveyyDtdJuFZngDe+RCY8=
github.com/relax-space/go-a13/m2 v1.0.6 h1:lF6pOafO33qWfEhEANuv9E7C61+dJO3mfgw8McBElME=
github.com/relax-space/go-a13/m2 v1.0.6/go.mod h1:dFthQBGCFohuiSksYqOQD4ea2vx4YIjnZtH5+mhut+8=
